// !$*UTF8*$!
{
	archiveVersion = 1;
	classes = {
	};
	objectVersion = 50;
	objects = {

/* Begin PBXBuildFile section */
		2F531EA62494F0C600C1E1E0 /* Image.swift in Sources */ = {isa = PBXBuildFile; fileRef = 2F531EA52494F0C600C1E1E0 /* Image.swift */; };
		2F531EA82495ECD300C1E1E0 /* WebImagePage.swift in Sources */ = {isa = PBXBuildFile; fileRef = 2F531EA72495ECD300C1E1E0 /* WebImagePage.swift */; };
		2FB8B495249278BC00ED780C /* Text.swift in Sources */ = {isa = PBXBuildFile; fileRef = 2FB8B494249278BC00ED780C /* Text.swift */; };
		2FB8B4972493A94400ED780C /* TextField.swift in Sources */ = {isa = PBXBuildFile; fileRef = 2FB8B4962493A94400ED780C /* TextField.swift */; };
		2FE3589624924B440033556E /* AppDelegate.swift in Sources */ = {isa = PBXBuildFile; fileRef = 2FE3589524924B440033556E /* AppDelegate.swift */; };
		2FE3589824924B440033556E /* SceneDelegate.swift in Sources */ = {isa = PBXBuildFile; fileRef = 2FE3589724924B440033556E /* SceneDelegate.swift */; };
		2FE3589A24924B440033556E /* ContentView.swift in Sources */ = {isa = PBXBuildFile; fileRef = 2FE3589924924B440033556E /* ContentView.swift */; };
		2FE3589C24924B470033556E /* Assets.xcassets in Resources */ = {isa = PBXBuildFile; fileRef = 2FE3589B24924B470033556E /* Assets.xcassets */; };
		2FE3589F24924B470033556E /* Preview Assets.xcassets in Resources */ = {isa = PBXBuildFile; fileRef = 2FE3589E24924B470033556E /* Preview Assets.xcassets */; };
		2FE358A224924B470033556E /* LaunchScreen.storyboard in Resources */ = {isa = PBXBuildFile; fileRef = 2FE358A024924B470033556E /* LaunchScreen.storyboard */; };
		2FE358AD24924B470033556E /* SwiftUI_TTests.swift in Sources */ = {isa = PBXBuildFile; fileRef = 2FE358AC24924B470033556E /* SwiftUI_TTests.swift */; };
		2FE358B824925EF90033556E /* Landmark.swift in Sources */ = {isa = PBXBuildFile; fileRef = 2FE358B724925EF90033556E /* Landmark.swift */; };
/* End PBXBuildFile section */

/* Begin PBXContainerItemProxy section */
		2FE358A924924B470033556E /* PBXContainerItemProxy */ = {
			isa = PBXContainerItemProxy;
			containerPortal = 2FE3588A24924B440033556E /* Project object */;
			proxyType = 1;
			remoteGlobalIDString = 2FE3589124924B440033556E;
			remoteInfo = "SwiftUI-T";
		};
/* End PBXContainerItemProxy section */

/* Begin PBXFileReference section */
		2F531EA52494F0C600C1E1E0 /* Image.swift */ = {isa = PBXFileReference; lastKnownFileType = sourcecode.swift; path = Image.swift; sourceTree = "<group>"; };
		2F531EA72495ECD300C1E1E0 /* WebImagePage.swift */ = {isa = PBXFileReference; lastKnownFileType = sourcecode.swift; path = WebImagePage.swift; sourceTree = "<group>"; };
		2FB8B494249278BC00ED780C /* Text.swift */ = {isa = PBXFileReference; lastKnownFileType = sourcecode.swift; path = Text.swift; sourceTree = "<group>"; };
		2FB8B4962493A94400ED780C /* TextField.swift */ = {isa = PBXFileReference; lastKnownFileType = sourcecode.swift; path = TextField.swift; sourceTree = "<group>"; };
		2FE3589224924B440033556E /* SwiftUI-T.app */ = {isa = PBXFileReference; explicitFileType = wrapper.application; includeInIndex = 0; path = "SwiftUI-T.app"; sourceTree = BUILT_PRODUCTS_DIR; };
		2FE3589524924B440033556E /* AppDelegate.swift */ = {isa = PBXFileReference; lastKnownFileType = sourcecode.swift; path = AppDelegate.swift; sourceTree = "<group>"; };
		2FE3589724924B440033556E /* SceneDelegate.swift */ = {isa = PBXFileReference; lastKnownFileType = sourcecode.swift; path = SceneDelegate.swift; sourceTree = "<group>"; };
		2FE3589924924B440033556E /* ContentView.swift */ = {isa = PBXFileReference; lastKnownFileType = sourcecode.swift; path = ContentView.swift; sourceTree = "<group>"; };
		2FE3589B24924B470033556E /* Assets.xcassets */ = {isa = PBXFileReference; lastKnownFileType = folder.assetcatalog; path = Assets.xcassets; sourceTree = "<group>"; };
		2FE3589E24924B470033556E /* Preview Assets.xcassets */ = {isa = PBXFileReference; lastKnownFileType = folder.assetcatalog; path = "Preview Assets.xcassets"; sourceTree = "<group>"; };
		2FE358A124924B470033556E /* Base */ = {isa = PBXFileReference; lastKnownFileType = file.storyboard; name = Base; path = Base.lproj/LaunchScreen.storyboard; sourceTree = "<group>"; };
		2FE358A324924B470033556E /* Info.plist */ = {isa = PBXFileReference; lastKnownFileType = text.plist.xml; path = Info.plist; sourceTree = "<group>"; };
		2FE358A824924B470033556E /* SwiftUI-TTests.xctest */ = {isa = PBXFileReference; explicitFileType = wrapper.cfbundle; includeInIndex = 0; path = "SwiftUI-TTests.xctest"; sourceTree = BUILT_PRODUCTS_DIR; };
		2FE358AC24924B470033556E /* SwiftUI_TTests.swift */ = {isa = PBXFileReference; lastKnownFileType = sourcecode.swift; path = SwiftUI_TTests.swift; sourceTree = "<group>"; };
		2FE358AE24924B470033556E /* Info.plist */ = {isa = PBXFileReference; lastKnownFileType = text.plist.xml; path = Info.plist; sourceTree = "<group>"; };
		2FE358B724925EF90033556E /* Landmark.swift */ = {isa = PBXFileReference; lastKnownFileType = sourcecode.swift; path = Landmark.swift; sourceTree = "<group>"; };
/* End PBXFileReference section */

/* Begin PBXFrameworksBuildPhase section */
		2FE3588F24924B440033556E /* Frameworks */ = {
			isa = PBXFrameworksBuildPhase;
			buildActionMask = 2147483647;
			files = (
			);
			runOnlyForDeploymentPostprocessing = 0;
		};
		2FE358A524924B470033556E /* Frameworks */ = {
			isa = PBXFrameworksBuildPhase;
			buildActionMask = 2147483647;
			files = (
			);
			runOnlyForDeploymentPostprocessing = 0;
		};
/* End PBXFrameworksBuildPhase section */

/* Begin PBXGroup section */
		2FE3588924924B440033556E = {
			isa = PBXGroup;
			children = (
				2FE3589424924B440033556E /* SwiftUI-T */,
				2FE358AB24924B470033556E /* SwiftUI-TTests */,
				2FE3589324924B440033556E /* Products */,
			);
			sourceTree = "<group>";
		};
		2FE3589324924B440033556E /* Products */ = {
			isa = PBXGroup;
			children = (
				2FE3589224924B440033556E /* SwiftUI-T.app */,
				2FE358A824924B470033556E /* SwiftUI-TTests.xctest */,
			);
			name = Products;
			sourceTree = "<group>";
		};
		2FE3589424924B440033556E /* SwiftUI-T */ = {
			isa = PBXGroup;
			children = (
				2FE3589524924B440033556E /* AppDelegate.swift */,
				2FE3589724924B440033556E /* SceneDelegate.swift */,
				2FE3589924924B440033556E /* ContentView.swift */,
				2FE3589B24924B470033556E /* Assets.xcassets */,
				2FE358A024924B470033556E /* LaunchScreen.storyboard */,
				2FE358A324924B470033556E /* Info.plist */,
				2FE3589D24924B470033556E /* Preview Content */,
				2FE358B724925EF90033556E /* Landmark.swift */,
				2FB8B494249278BC00ED780C /* Text.swift */,
				2FB8B4962493A94400ED780C /* TextField.swift */,
				2F531EA52494F0C600C1E1E0 /* Image.swift */,
				2F531EA72495ECD300C1E1E0 /* WebImagePage.swift */,
			);
			path = "SwiftUI-T";
			sourceTree = "<group>";
		};
		2FE3589D24924B470033556E /* Preview Content */ = {
			isa = PBXGroup;
			children = (
				2FE3589E24924B470033556E /* Preview Assets.xcassets */,
			);
			path = "Preview Content";
			sourceTree = "<group>";
		};
		2FE358AB24924B470033556E /* SwiftUI-TTests */ = {
			isa = PBXGroup;
			children = (
				2FE358AC24924B470033556E /* SwiftUI_TTests.swift */,
				2FE358AE24924B470033556E /* Info.plist */,
			);
			path = "SwiftUI-TTests";
			sourceTree = "<group>";
		};
/* End PBXGroup section */

/* Begin PBXNativeTarget section */
		2FE3589124924B440033556E /* SwiftUI-T */ = {
			isa = PBXNativeTarget;
			buildConfigurationList = 2FE358B124924B470033556E /* Build configuration list for PBXNativeTarget "SwiftUI-T" */;
			buildPhases = (
				2FE3588E24924B440033556E /* Sources */,
				2FE3588F24924B440033556E /* Frameworks */,
				2FE3589024924B440033556E /* Resources */,
			);
			buildRules = (
			);
			dependencies = (
			);
			name = "SwiftUI-T";
			productName = "SwiftUI-T";
			productReference = 2FE3589224924B440033556E /* SwiftUI-T.app */;
			productType = "com.apple.product-type.application";
		};
		2FE358A724924B470033556E /* SwiftUI-TTests */ = {
			isa = PBXNativeTarget;
			buildConfigurationList = 2FE358B424924B470033556E /* Build configuration list for PBXNativeTarget "SwiftUI-TTests" */;
			buildPhases = (
				2FE358A424924B470033556E /* Sources */,
				2FE358A524924B470033556E /* Frameworks */,
				2FE358A624924B470033556E /* Resources */,
			);
			buildRules = (
			);
			dependencies = (
				2FE358AA24924B470033556E /* PBXTargetDependency */,
			);
			name = "SwiftUI-TTests";
			productName = "SwiftUI-TTests";
			productReference = 2FE358A824924B470033556E /* SwiftUI-TTests.xctest */;
			productType = "com.apple.product-type.bundle.unit-test";
		};
/* End PBXNativeTarget section */

/* Begin PBXProject section */
		2FE3588A24924B440033556E /* Project object */ = {
			isa = PBXProject;
			attributes = {
				LastSwiftUpdateCheck = 1140;
				LastUpgradeCheck = 1140;
				ORGANIZATIONNAME = fengjutian;
				TargetAttributes = {
					2FE3589124924B440033556E = {
						CreatedOnToolsVersion = 11.4.1;
					};
					2FE358A724924B470033556E = {
						CreatedOnToolsVersion = 11.4.1;
						TestTargetID = 2FE3589124924B440033556E;
					};
				};
			};
			buildConfigurationList = 2FE3588D24924B440033556E /* Build configuration list for PBXProject "SwiftUI-T" */;
			compatibilityVersion = "Xcode 9.3";
			developmentRegion = en;
			hasScannedForEncodings = 0;
			knownRegions = (
				en,
				Base,
			);
			mainGroup = 2FE3588924924B440033556E;
			productRefGroup = 2FE3589324924B440033556E /* Products */;
			projectDirPath = "";
			projectRoot = "";
			targets = (
				2FE3589124924B440033556E /* SwiftUI-T */,
				2FE358A724924B470033556E /* SwiftUI-TTests */,
			);
		};
/* End PBXProject section */

/* Begin PBXResourcesBuildPhase section */
		2FE3589024924B440033556E /* Resources */ = {
			isa = PBXResourcesBuildPhase;
			buildActionMask = 2147483647;
			files = (
				2FE358A224924B470033556E /* LaunchScreen.storyboard in Resources */,
				2FE3589F24924B470033556E /* Preview Assets.xcassets in Resources */,
				2FE3589C24924B470033556E /* Assets.xcassets in Resources */,
			);
			runOnlyForDeploymentPostprocessing = 0;
		};
		2FE358A624924B470033556E /* Resources */ = {
			isa = PBXResourcesBuildPhase;
			buildActionMask = 2147483647;
			files = (
			);
			runOnlyForDeploymentPostprocessing = 0;
		};
/* End PBXResourcesBuildPhase section */

/* Begin PBXSourcesBuildPhase section */
		2FE3588E24924B440033556E /* Sources */ = {
			isa = PBXSourcesBuildPhase;
			buildActionMask = 2147483647;
			files = (
				2F531EA62494F0C600C1E1E0 /* Image.swift in Sources */,
				2FE3589624924B440033556E /* AppDelegate.swift in Sources */,
				2FB8B495249278BC00ED780C /* Text.swift in Sources */,
				2F531EA82495ECD300C1E1E0 /* WebImagePage.swift in Sources */,
				2FE3589824924B440033556E /* SceneDelegate.swift in Sources */,
				2FB8B4972493A94400ED780C /* TextField.swift in Sources */,
				2FE3589A24924B440033556E /* ContentView.swift in Sources */,
				2FE358B824925EF90033556E /* Landmark.swift in Sources */,
			);
			runOnlyForDeploymentPostprocessing = 0;
		};
		2FE358A424924B470033556E /* Sources */ = {
			isa = PBXSourcesBuildPhase;
			buildActionMask = 2147483647;
			files = (
				2FE358AD24924B470033556E /* SwiftUI_TTests.swift in Sources */,
			);
			runOnlyForDeploymentPostprocessing = 0;
		};
/* End PBXSourcesBuildPhase section */

/* Begin PBXTargetDependency section */
		2FE358AA24924B470033556E /* PBXTargetDependency */ = {
			isa = PBXTargetDependency;
			target = 2FE3589124924B440033556E /* SwiftUI-T */;
			targetProxy = 2FE358A924924B470033556E /* PBXContainerItemProxy */;
		};
/* End PBXTargetDependency section */

/* Begin PBXVariantGroup section */
		2FE358A024924B470033556E /* LaunchScreen.storyboard */ = {
			isa = PBXVariantGroup;
			children = (
				2FE358A124924B470033556E /* Base */,
			);
			name = LaunchScreen.storyboard;
			sourceTree = "<group>";
		};
/* End PBXVariantGroup section */

/* Begin XCBuildConfiguration section */
		2FE358AF24924B470033556E /* Debug */ = {
			isa = XCBuildConfiguration;
			buildSettings = {
				ALWAYS_SEARCH_USER_PATHS = NO;
				CLANG_ANALYZER_NONNULL = YES;
				CLANG_ANALYZER_NUMBER_OBJECT_CONVERSION = YES_AGGRESSIVE;
				CLANG_CXX_LANGUAGE_STANDARD = "gnu++14";
				CLANG_CXX_LIBRARY = "libc++";
				CLANG_ENABLE_MODULES = YES;
				CLANG_ENABLE_OBJC_ARC = YES;
				CLANG_ENABLE_OBJC_WEAK = YES;
				CLANG_WARN_BLOCK_CAPTURE_AUTORELEASING = YES;
				CLANG_WARN_BOOL_CONVERSION = YES;
				CLANG_WARN_COMMA = YES;
				CLANG_WARN_CONSTANT_CONVERSION = YES;
				CLANG_WARN_DEPRECATED_OBJC_IMPLEMENTATIONS = YES;
				CLANG_WARN_DIRECT_OBJC_ISA_USAGE = YES_ERROR;
				CLANG_WARN_DOCUMENTATION_COMMENTS = YES;
				CLANG_WARN_EMPTY_BODY = YES;
				CLANG_WARN_ENUM_CONVERSION = YES;
				CLANG_WARN_INFINITE_RECURSION = YES;
				CLANG_WARN_INT_CONVERSION = YES;
				CLANG_WARN_NON_LITERAL_NULL_CONVERSION = YES;
				CLANG_WARN_OBJC_IMPLICIT_RETAIN_SELF = YES;
				CLANG_WARN_OBJC_LITERAL_CONVERSION = YES;
				CLANG_WARN_OBJC_ROOT_CLASS = YES_ERROR;
				CLANG_WARN_RANGE_LOOP_ANALYSIS = YES;
				CLANG_WARN_STRICT_PROTOTYPES = YES;
				CLANG_WARN_SUSPICIOUS_MOVE = YES;
				CLANG_WARN_UNGUARDED_AVAILABILITY = YES_AGGRESSIVE;
				CLANG_WARN_UNREACHABLE_CODE = YES;
				CLANG_WARN__DUPLICATE_METHOD_MATCH = YES;
				COPY_PHASE_STRIP = NO;
				DEBUG_INFORMATION_FORMAT = dwarf;
				ENABLE_STRICT_OBJC_MSGSEND = YES;
				ENABLE_TESTABILITY = YES;
				GCC_C_LANGUAGE_STANDARD = gnu11;
				GCC_DYNAMIC_NO_PIC = NO;
				GCC_NO_COMMON_BLOCKS = YES;
				GCC_OPTIMIZATION_LEVEL = 0;
				GCC_PREPROCESSOR_DEFINITIONS = (
					"DEBUG=1",
					"$(inherited)",
				);
				GCC_WARN_64_TO_32_BIT_CONVERSION = YES;
				GCC_WARN_ABOUT_RETURN_TYPE = YES_ERROR;
				GCC_WARN_UNDECLARED_SELECTOR = YES;
				GCC_WARN_UNINITIALIZED_AUTOS = YES_AGGRESSIVE;
				GCC_WARN_UNUSED_FUNCTION = YES;
				GCC_WARN_UNUSED_VARIABLE = YES;
				IPHONEOS_DEPLOYMENT_TARGET = 13.4;
				MTL_ENABLE_DEBUG_INFO = INCLUDE_SOURCE;
				MTL_FAST_MATH = YES;
				ONLY_ACTIVE_ARCH = YES;
				SDKROOT = iphoneos;
				SWIFT_ACTIVE_COMPILATION_CONDITIONS = DEBUG;
				SWIFT_OPTIMIZATION_LEVEL = "-Onone";
			};
			name = Debug;
		};
		2FE358B024924B470033556E /* Release */ = {
			isa = XCBuildConfiguration;
			buildSettings = {
				ALWAYS_SEARCH_USER_PATHS = NO;
				CLANG_ANALYZER_NONNULL = YES;
				CLANG_ANALYZER_NUMBER_OBJECT_CONVERSION = YES_AGGRESSIVE;
				CLANG_CXX_LANGUAGE_STANDARD = "gnu++14";
				CLANG_CXX_LIBRARY = "libc++";
				CLANG_ENABLE_MODULES = YES;
				CLANG_ENABLE_OBJC_ARC = YES;
				CLANG_ENABLE_OBJC_WEAK = YES;
				CLANG_WARN_BLOCK_CAPTURE_AUTORELEASING = YES;
				CLANG_WARN_BOOL_CONVERSION = YES;
				CLANG_WARN_COMMA = YES;
				CLANG_WARN_CONSTANT_CONVERSION = YES;
				CLANG_WARN_DEPRECATED_OBJC_IMPLEMENTATIONS = YES;
				CLANG_WARN_DIRECT_OBJC_ISA_USAGE = YES_ERROR;
				CLANG_WARN_DOCUMENTATION_COMMENTS = YES;
				CLANG_WARN_EMPTY_BODY = YES;
				CLANG_WARN_ENUM_CONVERSION = YES;
				CLANG_WARN_INFINITE_RECURSION = YES;
				CLANG_WARN_INT_CONVERSION = YES;
				CLANG_WARN_NON_LITERAL_NULL_CONVERSION = YES;
				CLANG_WARN_OBJC_IMPLICIT_RETAIN_SELF = YES;
				CLANG_WARN_OBJC_LITERAL_CONVERSION = YES;
				CLANG_WARN_OBJC_ROOT_CLASS = YES_ERROR;
				CLANG_WARN_RANGE_LOOP_ANALYSIS = YES;
				CLANG_WARN_STRICT_PROTOTYPES = YES;
				CLANG_WARN_SUSPICIOUS_MOVE = YES;
				CLANG_WARN_UNGUARDED_AVAILABILITY = YES_AGGRESSIVE;
				CLANG_WARN_UNREACHABLE_CODE = YES;
				CLANG_WARN__DUPLICATE_METHOD_MATCH = YES;
				COPY_PHASE_STRIP = NO;
				DEBUG_INFORMATION_FORMAT = "dwarf-with-dsym";
				ENABLE_NS_ASSERTIONS = NO;
				ENABLE_STRICT_OBJC_MSGSEND = YES;
				GCC_C_LANGUAGE_STANDARD = gnu11;
				GCC_NO_COMMON_BLOCKS = YES;
				GCC_WARN_64_TO_32_BIT_CONVERSION = YES;
				GCC_WARN_ABOUT_RETURN_TYPE = YES_ERROR;
				GCC_WARN_UNDECLARED_SELECTOR = YES;
				GCC_WARN_UNINITIALIZED_AUTOS = YES_AGGRESSIVE;
				GCC_WARN_UNUSED_FUNCTION = YES;
				GCC_WARN_UNUSED_VARIABLE = YES;
				IPHONEOS_DEPLOYMENT_TARGET = 13.4;
				MTL_ENABLE_DEBUG_INFO = NO;
				MTL_FAST_MATH = YES;
				SDKROOT = iphoneos;
				SWIFT_COMPILATION_MODE = wholemodule;
				SWIFT_OPTIMIZATION_LEVEL = "-O";
				VALIDATE_PRODUCT = YES;
			};
			name = Release;
		};
		2FE358B224924B470033556E /* Debug */ = {
			isa = XCBuildConfiguration;
			buildSettings = {
				ASSETCATALOG_COMPILER_APPICON_NAME = AppIcon;
				CODE_SIGN_STYLE = Automatic;
				DEVELOPMENT_ASSET_PATHS = "\"SwiftUI-T/Preview Content\"";
				ENABLE_PREVIEWS = YES;
				INFOPLIST_FILE = "SwiftUI-T/Info.plist";
				LD_RUNPATH_SEARCH_PATHS = (
					"$(inherited)",
					"@executable_path/Frameworks",
				);
				PRODUCT_BUNDLE_IDENTIFIER = "com.example..SwiftUI-T";
				PRODUCT_NAME = "$(TARGET_NAME)";
				SWIFT_VERSION = 5.0;
				TARGETED_DEVICE_FAMILY = "1,2";
			};
			name = Debug;
		};
		2FE358B324924B470033556E /* Release */ = {
			isa = XCBuildConfiguration;
			buildSettings = {
				ASSETCATALOG_COMPILER_APPICON_NAME = AppIcon;
				CODE_SIGN_STYLE = Automatic;
				DEVELOPMENT_ASSET_PATHS = "\"SwiftUI-T/Preview Content\"";
				ENABLE_PREVIEWS = YES;
				INFOPLIST_FILE = "SwiftUI-T/Info.plist";
				LD_RUNPATH_SEARCH_PATHS = (
					"$(inherited)",
					"@executable_path/Frameworks",
				);
				PRODUCT_BUNDLE_IDENTIFIER = "com.example..SwiftUI-T";
				PRODUCT_NAME = "$(TARGET_NAME)";
				SWIFT_VERSION = 5.0;
				TARGETED_DEVICE_FAMILY = "1,2";
			};
			name = Release;
		};
		2FE358B524924B470033556E /* Debug */ = {
			isa = XCBuildConfiguration;
			buildSettings = {
				ALWAYS_EMBED_SWIFT_STANDARD_LIBRARIES = YES;
				BUNDLE_LOADER = "$(TEST_HOST)";
				CODE_SIGN_STYLE = Automatic;
				INFOPLIST_FILE = "SwiftUI-TTests/Info.plist";
				IPHONEOS_DEPLOYMENT_TARGET = 13.4;
				LD_RUNPATH_SEARCH_PATHS = (
					"$(inherited)",
					"@executable_path/Frameworks",
					"@loader_path/Frameworks",
				);
				PRODUCT_BUNDLE_IDENTIFIER = "com.example..SwiftUI-TTests";
				PRODUCT_NAME = "$(TARGET_NAME)";
				SWIFT_VERSION = 5.0;
				TARGETED_DEVICE_FAMILY = "1,2";
				TEST_HOST = "$(BUILT_PRODUCTS_DIR)/SwiftUI-T.app/SwiftUI-T";
			};
			name = Debug;
		};
		2FE358B624924B470033556E /* Release */ = {
			isa = XCBuildConfiguration;
			buildSettings = {
				ALWAYS_EMBED_SWIFT_STANDARD_LIBRARIES = YES;
				BUNDLE_LOADER = "$(TEST_HOST)";
				CODE_SIGN_STYLE = Automatic;
				INFOPLIST_FILE = "SwiftUI-TTests/Info.plist";
				IPHONEOS_DEPLOYMENT_TARGET = 13.4;
				LD_RUNPATH_SEARCH_PATHS = (
					"$(inherited)",
					"@executable_path/Frameworks",
					"@loader_path/Frameworks",
				);
				PRODUCT_BUNDLE_IDENTIFIER = "com.example..SwiftUI-TTests";
				PRODUCT_NAME = "$(TARGET_NAME)";
				SWIFT_VERSION = 5.0;
				TARGETED_DEVICE_FAMILY = "1,2";
				TEST_HOST = "$(BUILT_PRODUCTS_DIR)/SwiftUI-T.app/SwiftUI-T";
			};
			name = Release;
		};
/* End XCBuildConfiguration section */

/* Begin XCConfigurationList section */
		2FE3588D24924B440033556E /* Build configuration list for PBXProject "SwiftUI-T" */ = {
			isa = XCConfigurationList;
			buildConfigurations = (
				2FE358AF24924B470033556E /* Debug */,
				2FE358B024924B470033556E /* Release */,
			);
			defaultConfigurationIsVisible = 0;
			defaultConfigurationName = Release;
		};
		2FE358B124924B470033556E /* Build configuration list for PBXNativeTarget "SwiftUI-T" */ = {
			isa = XCConfigurationList;
			buildConfigurations = (
				2FE358B224924B470033556E /* Debug */,
				2FE358B324924B470033556E /* Release */,
			);
			defaultConfigurationIsVisible = 0;
			defaultConfigurationName = Release;
		};
		2FE358B424924B470033556E /* Build configuration list for PBXNativeTarget "SwiftUI-TTests" */ = {
			isa = XCConfigurationList;
			buildConfigurations = (
				2FE358B524924B470033556E /* Debug */,
				2FE358B624924B470033556E /* Release */,
			);
			defaultConfigurationIsVisible = 0;
			defaultConfigurationName = Release;
		};
/* End XCConfigurationList section */
	};
	rootObject = 2FE3588A24924B440033556E /* Project object */;
}
